<?xml version="1.0" encoding="utf-8"?>
<Project ToolsVersion="4.0" xmlns="http://schemas.microsoft.com/developer/msbuild/2003">
  <ItemGroup>
    <Filter Include="File di origine">
      <UniqueIdentifier>{4FC737F1-C7A5-4376-A066-2A32D752A2FF}</UniqueIdentifier>
      <Extensions>cpp;c;cc;cxx;c++;cppm;ixx;def;odl;idl;hpj;bat;asm;asmx</Extensions>
    </Filter>
    <Filter Include="File di intestazione">
      <UniqueIdentifier>{93995380-89BD-4b04-88EB-625FBE52EBFB}</UniqueIdentifier>
      <Extensions>h;hh;hpp;hxx;h++;hm;inl;inc;ipp;xsd</Extensions>
    </Filter>
    <Filter Include="File di risorse">
      <UniqueIdentifier>{67DA6AB6-F800-4c08-8B7A-83BB121AAD01}</UniqueIdentifier>
      <Extensions>rc;ico;cur;bmp;dlg;rc2;rct;bin;rgs;gif;jpg;jpeg;jpe;resx;tiff;tif;png;wav;mfcribbon-ms</Extensions>
    </Filter>
    <Filter Include="vst">
      <UniqueIdentifier>{870c97ff-5f6e-4047-be31-d39c5847c1ef}</UniqueIdentifier>
    </Filter>
    <Filter Include="Blocks">
      <UniqueIdentifier>{4788a74e-d066-4cde-ab1d-7957065b1516}</UniqueIdentifier>
    </Filter>
  </ItemGroup>
  <ItemGroup>
    <ClCompile Include="vst-2.4-sdk\vstsdk2.4\public.sdk\source\vst2.x\audioeffect.cpp">
      <Filter>vst</Filter>
    </ClCompile>
    <ClCompile Include="vst-2.4-sdk\vstsdk2.4\public.sdk\source\vst2.x\audioeffectx.cpp">
      <Filter>vst</Filter>
    </ClCompile>
    <ClCompile Include="vst-2.4-sdk\vstsdk2.4\public.sdk\source\vst2.x\vstplugmain.cpp">
      <Filter>vst</Filter>
    </ClCompile>
    <ClCompile Include="Shimmer.cpp">
      <Filter>File di origine</Filter>
    </ClCompile>
    <ClCompile Include="include\src\CombFilter.cpp">
      <Filter>Blocks</Filter>
    </ClCompile>
    <ClCompile Include="include\src\Delay.cpp">
      <Filter>Blocks</Filter>
    </ClCompile>
    <ClCompile Include="include\src\LPCombFilter.cpp">
      <Filter>Blocks</Filter>
    </ClCompile>
    <ClCompile Include="include\src\PitchShifter.cpp">
      <Filter>Blocks</Filter>
    </ClCompile>
    <ClCompile Include="include\src\PSMVocoder.cpp">
      <Filter>Blocks</Filter>
    </ClCompile>
  </ItemGroup>
  <ItemGroup>
    <ClInclude Include="Shimmer.h">
      <Filter>File di intestazione</Filter>
    </ClInclude>
  </ItemGroup>
</Project>